
Microsoft Visual Studio Solution File, Format Version 12.00
# Visual Studio Version 17
Project("{8BC9CEB8-8B4A-11D0-8D11-00A0C91BC942}") = "ALL_BUILD", "ALL_BUILD.vcxproj", "{0B852B78-DF4A-3EB6-B3B9-CC78C4981797}"
	ProjectSection(ProjectDependencies) = postProject
		{A2C42F03-6E55-3237-B311-D53A9E8378D0} = {A2C42F03-6E55-3237-B311-D53A9E8378D0}
		{E747FE12-063D-3E82-A2AD-D2FF5B48860A} = {E747FE12-063D-3E82-A2AD-D2FF5B48860A}
	EndProjectSection
EndProject
Project("{8BC9CEB8-8B4A-11D0-8D11-00A0C91BC942}") = "ZERO_CHECK", "ZERO_CHECK.vcxproj", "{A2C42F03-6E55-3237-B311-D53A9E8378D0}"
	ProjectSection(ProjectDependencies) = postProject
	EndProjectSection
EndProject
Project("{8BC9CEB8-8B4A-11D0-8D11-00A0C91BC942}") = "sfml_sample", "sfml_sample.vcxproj", "{E747FE12-063D-3E82-A2AD-D2FF5B48860A}"
	ProjectSection(ProjectDependencies) = postProject
		{A2C42F03-6E55-3237-B311-D53A9E8378D0} = {A2C42F03-6E55-3237-B311-D53A9E8378D0}
	EndProjectSection
EndProject
Global
	GlobalSection(SolutionConfigurationPlatforms) = preSolution
		Debug|x64 = Debug|x64
		Release|x64 = Release|x64
		MinSizeRel|x64 = MinSizeRel|x64
		RelWithDebInfo|x64 = RelWithDebInfo|x64
	EndGlobalSection
	GlobalSection(ProjectConfigurationPlatforms) = postSolution
		{0B852B78-DF4A-3EB6-B3B9-CC78C4981797}.Debug|x64.ActiveCfg = Debug|x64
		{0B852B78-DF4A-3EB6-B3B9-CC78C4981797}.Release|x64.ActiveCfg = Release|x64
		{0B852B78-DF4A-3EB6-B3B9-CC78C4981797}.MinSizeRel|x64.ActiveCfg = MinSizeRel|x64
		{0B852B78-DF4A-3EB6-B3B9-CC78C4981797}.RelWithDebInfo|x64.ActiveCfg = RelWithDebInfo|x64
		{A2C42F03-6E55-3237-B311-D53A9E8378D0}.Debug|x64.ActiveCfg = Debug|x64
		{A2C42F03-6E55-3237-B311-D53A9E8378D0}.Debug|x64.Build.0 = Debug|x64
		{A2C42F03-6E55-3237-B311-D53A9E8378D0}.Release|x64.ActiveCfg = Release|x64
		{A2C42F03-6E55-3237-B311-D53A9E8378D0}.Release|x64.Build.0 = Release|x64
		{A2C42F03-6E55-3237-B311-D53A9E8378D0}.MinSizeRel|x64.ActiveCfg = MinSizeRel|x64
		{A2C42F03-6E55-3237-B311-D53A9E8378D0}.MinSizeRel|x64.Build.0 = MinSizeRel|x64
		{A2C42F03-6E55-3237-B311-D53A9E8378D0}.RelWithDebInfo|x64.ActiveCfg = RelWithDebInfo|x64
		{A2C42F03-6E55-3237-B311-D53A9E8378D0}.RelWithDebInfo|x64.Build.0 = RelWithDebInfo|x64
		{E747FE12-063D-3E82-A2AD-D2FF5B48860A}.Debug|x64.ActiveCfg = Debug|x64
		{E747FE12-063D-3E82-A2AD-D2FF5B48860A}.Debug|x64.Build.0 = Debug|x64
		{E747FE12-063D-3E82-A2AD-D2FF5B48860A}.Release|x64.ActiveCfg = Release|x64
		{E747FE12-063D-3E82-A2AD-D2FF5B48860A}.Release|x64.Build.0 = Release|x64
		{E747FE12-063D-3E82-A2AD-D2FF5B48860A}.MinSizeRel|x64.ActiveCfg = MinSizeRel|x64
		{E747FE12-063D-3E82-A2AD-D2FF5B48860A}.MinSizeRel|x64.Build.0 = MinSizeRel|x64
		{E747FE12-063D-3E82-A2AD-D2FF5B48860A}.RelWithDebInfo|x64.ActiveCfg = RelWithDebInfo|x64
		{E747FE12-063D-3E82-A2AD-D2FF5B48860A}.RelWithDebInfo|x64.Build.0 = RelWithDebInfo|x64
	EndGlobalSection
	GlobalSection(ExtensibilityGlobals) = postSolution
		SolutionGuid = {E32E7D94-EA59-3341-8F06-A0E12FBE7551}
	EndGlobalSection
	GlobalSection(ExtensibilityAddIns) = postSolution
	EndGlobalSection
EndGlobal
