<?xml version="1.0" encoding="utf-8"?>
<Project ToolsVersion="17.0" xmlns="http://schemas.microsoft.com/developer/msbuild/2003">
  <ItemGroup>
    <ClCompile Include="C:\Users\eptel\Desktop\PROJECT\sfml_sample-main\main.cpp">
      <Filter>Source Files</Filter>
    </ClCompile>
    <ClCompile Include="C:\Users\eptel\Desktop\PROJECT\sfml_sample-main\src\Tile.cpp">
      <Filter>Source Files</Filter>
    </ClCompile>
  </ItemGroup>
  <ItemGroup>
    <ClInclude Include="C:\Users\eptel\Desktop\PROJECT\sfml_sample-main\inc\Tile.hpp">
      <Filter>Header Files</Filter>
    </ClInclude>
  </ItemGroup>
  <ItemGroup>
    <CustomBuild Include="C:\Users\eptel\Desktop\PROJECT\sfml_sample-main\CMakeLists.txt" />
  </ItemGroup>
  <ItemGroup>
    <Filter Include="Header Files">
      <UniqueIdentifier>{691560CE-FC4A-3C87-8855-4E6412893B8E}</UniqueIdentifier>
    </Filter>
    <Filter Include="Source Files">
      <UniqueIdentifier>{D4E9E61C-AD7D-3037-9CDE-C067D6A93681}</UniqueIdentifier>
    </Filter>
  </ItemGroup>
</Project>
